
Microsoft Visual Studio Solution File, Format Version 12.00
# Visual Studio Version 17
VisualStudioVersion = 17.1.32210.238
MinimumVisualStudioVersion = 10.0.40219.1
Project("{9A19103F-16F7-4668-BE54-9A1E7A4F7556}") = "ConsoleApp", "ConsoleApp\ConsoleApp.csproj", "{977D3650-3169-4D64-BE40-405F4CE196F2}"
EndProject
Project("{9A19103F-16F7-4668-BE54-9A1E7A4F7556}") = "Classes", "Classes\Classes.csproj", "{60EBFF68-0977-4F15-8BBF-10D33180BD44}"
EndProject
Global
	GlobalSection(SolutionConfigurationPlatforms) = preSolution
		Debug|Any CPU = Debug|Any CPU
		Release|Any CPU = Release|Any CPU
	EndGlobalSection
	GlobalSection(ProjectConfigurationPlatforms) = postSolution
		{977D3650-3169-4D64-BE40-405F4CE196F2}.Debug|Any CPU.ActiveCfg = Debug|Any CPU
		{977D3650-3169-4D64-BE40-405F4CE196F2}.Debug|Any CPU.Build.0 = Debug|Any CPU
		{977D3650-3169-4D64-BE40-405F4CE196F2}.Release|Any CPU.ActiveCfg = Release|Any CPU
		{977D3650-3169-4D64-BE40-405F4CE196F2}.Release|Any CPU.Build.0 = Release|Any CPU
		{60EBFF68-0977-4F15-8BBF-10D33180BD44}.Debug|Any CPU.ActiveCfg = Debug|Any CPU
		{60EBFF68-0977-4F15-8BBF-10D33180BD44}.Debug|Any CPU.Build.0 = Debug|Any CPU
		{60EBFF68-0977-4F15-8BBF-10D33180BD44}.Release|Any CPU.ActiveCfg = Release|Any CPU
		{60EBFF68-0977-4F15-8BBF-10D33180BD44}.Release|Any CPU.Build.0 = Release|Any CPU
	EndGlobalSection
	GlobalSection(SolutionProperties) = preSolution
		HideSolutionNode = FALSE
	EndGlobalSection
	GlobalSection(ExtensibilityGlobals) = postSolution
		SolutionGuid = {96C22068-DF94-43B8-8DFB-217A2EDCBDF2}
	EndGlobalSection
EndGlobal
